<Solution>
  <Folder Name="/Solution Items/">
    <File Path=".editorconfig" />
  </Folder>
  <Project Path="PySharp.Analyzer.Internal/PySharp.Analyzer.Internal.csproj" />
  <Project Path="PySharp.Analyzer/PySharp.Analyzer.csproj" />
  <Project Path="PySharp.Console/PySharp.Console.csproj" />
  <Project Path="PySharp.SourceGeneration.Internal/PySharp.SourceGeneration.Internal.csproj" />
  <Project Path="PySharp.SourceGeneration/PySharp.SourceGeneration.csproj" />
  <Project Path="PySharp.Tests/PySharp.Tests.csproj" />
  <Project Path="PySharp/PySharp.csproj" />
</Solution>
